<?xml version="1.0" encoding="utf-8"?>
<Project ToolsVersion="4.0" xmlns="http://schemas.microsoft.com/developer/msbuild/2003">
  <ItemGroup>
    <Filter Include="Source Files">
      <UniqueIdentifier>{4FC737F1-C7A5-4376-A066-2A32D752A2FF}</UniqueIdentifier>
      <Extensions>cpp;c;cc;cxx;def;odl;idl;hpj;bat;asm;asmx</Extensions>
    </Filter>
    <Filter Include="Header Files">
      <UniqueIdentifier>{93995380-89BD-4b04-88EB-625FBE52EBFB}</UniqueIdentifier>
      <Extensions>h;hh;hpp;hxx;hm;inl;inc;ipp;xsd</Extensions>
    </Filter>
    <Filter Include="Resource Files">
      <UniqueIdentifier>{67DA6AB6-F800-4c08-8B7A-83BB121AAD01}</UniqueIdentifier>
      <Extensions>rc;ico;cur;bmp;dlg;rc2;rct;bin;rgs;gif;jpg;jpeg;jpe;resx;tiff;tif;png;wav;mfcribbon-ms</Extensions>
    </Filter>
    <Filter Include="Header Files\FileWrite">
      <UniqueIdentifier>{e9382d28-3781-4622-a70c-0d0ba8cefc9b}</UniqueIdentifier>
    </Filter>
  </ItemGroup>
  <ItemGroup>
    <ClInclude Include="DisplayAnimation.h">
      <Filter>Source Files</Filter>
    </ClInclude>
    <ClInclude Include="DisplayCache.h">
      <Filter>Source Files</Filter>
    </ClInclude>
    <ClInclude Include="DisplayCamera.h">
      <Filter>Source Files</Filter>
    </ClInclude>
    <ClInclude Include="DisplayCommon.h">
      <Filter>Source Files</Filter>
    </ClInclude>
    <ClInclude Include="DisplayGenericInfo.h">
      <Filter>Source Files</Filter>
    </ClInclude>
    <ClInclude Include="DisplayGlobalSettings.h">
      <Filter>Source Files</Filter>
    </ClInclude>
    <ClInclude Include="DisplayHierarchy.h">
      <Filter>Source Files</Filter>
    </ClInclude>
    <ClInclude Include="DisplayLight.h">
      <Filter>Source Files</Filter>
    </ClInclude>
    <ClInclude Include="DisplayLink.h">
      <Filter>Source Files</Filter>
    </ClInclude>
    <ClInclude Include="DisplayLodGroup.h">
      <Filter>Source Files</Filter>
    </ClInclude>
    <ClInclude Include="DisplayMarker.h">
      <Filter>Source Files</Filter>
    </ClInclude>
    <ClInclude Include="DisplayMaterial.h">
      <Filter>Source Files</Filter>
    </ClInclude>
    <ClInclude Include="DisplayMesh.h">
      <Filter>Source Files</Filter>
    </ClInclude>
    <ClInclude Include="DisplayNurb.h">
      <Filter>Source Files</Filter>
    </ClInclude>
    <ClInclude Include="DisplayPatch.h">
      <Filter>Source Files</Filter>
    </ClInclude>
    <ClInclude Include="DisplayPivotsAndLimits.h">
      <Filter>Source Files</Filter>
    </ClInclude>
    <ClInclude Include="DisplayPose.h">
      <Filter>Source Files</Filter>
    </ClInclude>
    <ClInclude Include="DisplayShape.h">
      <Filter>Source Files</Filter>
    </ClInclude>
    <ClInclude Include="DisplaySkeleton.h">
      <Filter>Source Files</Filter>
    </ClInclude>
    <ClInclude Include="DisplayTexture.h">
      <Filter>Source Files</Filter>
    </ClInclude>
    <ClInclude Include="DisplayUserProperties.h">
      <Filter>Source Files</Filter>
    </ClInclude>
    <ClInclude Include="..\Common\AnimationUtility.h">
      <Filter>Source Files</Filter>
    </ClInclude>
    <ClInclude Include="..\Common\Common.h">
      <Filter>Source Files</Filter>
    </ClInclude>
    <ClInclude Include="..\Common\GeometryUtility.h">
      <Filter>Source Files</Filter>
    </ClInclude>
    <ClInclude Include="FileWrite.h">
      <Filter>Header Files\FileWrite</Filter>
    </ClInclude>
    <ClInclude Include="BiReader.h">
      <Filter>Header Files\FileWrite</Filter>
    </ClInclude>
    <ClInclude Include="ImporterStructure.h">
      <Filter>Header Files\FileWrite</Filter>
    </ClInclude>
  </ItemGroup>
  <ItemGroup>
    <ClCompile Include="DisplayAnimation.cxx">
      <Filter>Source Files</Filter>
    </ClCompile>
    <ClCompile Include="DisplayCache.cxx">
      <Filter>Source Files</Filter>
    </ClCompile>
    <ClCompile Include="DisplayCamera.cxx">
      <Filter>Source Files</Filter>
    </ClCompile>
    <ClCompile Include="DisplayCommon.cxx">
      <Filter>Source Files</Filter>
    </ClCompile>
    <ClCompile Include="DisplayGenericInfo.cxx">
      <Filter>Source Files</Filter>
    </ClCompile>
    <ClCompile Include="DisplayGlobalSettings.cxx">
      <Filter>Source Files</Filter>
    </ClCompile>
    <ClCompile Include="DisplayHierarchy.cxx">
      <Filter>Source Files</Filter>
    </ClCompile>
    <ClCompile Include="DisplayLight.cxx">
      <Filter>Source Files</Filter>
    </ClCompile>
    <ClCompile Include="DisplayLink.cxx">
      <Filter>Source Files</Filter>
    </ClCompile>
    <ClCompile Include="DisplayLodGroup.cxx">
      <Filter>Source Files</Filter>
    </ClCompile>
    <ClCompile Include="DisplayMarker.cxx">
      <Filter>Source Files</Filter>
    </ClCompile>
    <ClCompile Include="DisplayMaterial.cxx">
      <Filter>Source Files</Filter>
    </ClCompile>
    <ClCompile Include="DisplayMesh.cxx">
      <Filter>Source Files</Filter>
    </ClCompile>
    <ClCompile Include="DisplayNurb.cxx">
      <Filter>Source Files</Filter>
    </ClCompile>
    <ClCompile Include="DisplayPatch.cxx">
      <Filter>Source Files</Filter>
    </ClCompile>
    <ClCompile Include="DisplayPivotsAndLimits.cxx">
      <Filter>Source Files</Filter>
    </ClCompile>
    <ClCompile Include="DisplayPose.cxx">
      <Filter>Source Files</Filter>
    </ClCompile>
    <ClCompile Include="DisplayShape.cxx">
      <Filter>Source Files</Filter>
    </ClCompile>
    <ClCompile Include="DisplaySkeleton.cxx">
      <Filter>Source Files</Filter>
    </ClCompile>
    <ClCompile Include="DisplayTexture.cxx">
      <Filter>Source Files</Filter>
    </ClCompile>
    <ClCompile Include="DisplayUserProperties.cxx">
      <Filter>Source Files</Filter>
    </ClCompile>
    <ClCompile Include="main.cxx">
      <Filter>Source Files</Filter>
    </ClCompile>
    <ClCompile Include="..\Common\AnimationUtility.cxx">
      <Filter>Source Files</Filter>
    </ClCompile>
    <ClCompile Include="..\Common\Common.cxx">
      <Filter>Source Files</Filter>
    </ClCompile>
    <ClCompile Include="..\Common\GeometryUtility.cxx">
      <Filter>Source Files</Filter>
    </ClCompile>
    <ClCompile Include="FileWrite.cpp">
      <Filter>Header Files\FileWrite</Filter>
    </ClCompile>
    <ClCompile Include="BiReader.cpp">
      <Filter>Header Files\FileWrite</Filter>
    </ClCompile>
    <ClCompile Include="DebugMain.cpp">
      <Filter>Header Files\FileWrite</Filter>
    </ClCompile>
  </ItemGroup>
</Project>