<?xml version="1.0" encoding="utf-8"?>
<Project ToolsVersion="4.0" xmlns="http://schemas.microsoft.com/developer/msbuild/2003">
  <ItemGroup>
    <FxCompile Include="Shader Files\VertexShader.hlsl">
      <Filter>Shaders</Filter>
    </FxCompile>
    <FxCompile Include="Shader Files\PixelShader.hlsl">
      <Filter>Shaders</Filter>
    </FxCompile>
  </ItemGroup>
  <ItemGroup>
    <ClCompile Include="Application.cpp">
      <Filter>Source</Filter>
    </ClCompile>
    <ClCompile Include="main.cpp">
      <Filter>Source</Filter>
    </ClCompile>
    <ClCompile Include="pch.cpp">
      <Filter>Source</Filter>
    </ClCompile>
    <ClCompile Include="ViewLayer.cpp">
      <Filter>Source\View</Filter>
    </ClCompile>
    <ClCompile Include="pugixml.cpp">
      <Filter>Source</Filter>
    </ClCompile>
    <ClCompile Include="Camera.cpp">
      <Filter>Source\View</Filter>
    </ClCompile>
    <ClCompile Include="Player.cpp">
      <Filter>Source\Game Logic</Filter>
    </ClCompile>
    <ClCompile Include="Input.cpp">
      <Filter>Source\Application</Filter>
    </ClCompile>
    <ClCompile Include="Input_Keyboard.cpp">
      <Filter>Source\Application</Filter>
    </ClCompile>
    <ClCompile Include="Input_Mouse.cpp">
      <Filter>Source\Application</Filter>
    </ClCompile>
    <ClCompile Include="GameState.cpp">
      <Filter>Source\Game Logic</Filter>
    </ClCompile>
    <ClCompile Include="Model.cpp">
      <Filter>Source\View</Filter>
    </ClCompile>
    <ClCompile Include="Timer.cpp">
      <Filter>Source\Application</Filter>
    </ClCompile>
    <ClCompile Include="GameObject.cpp">
      <Filter>Source\Game Logic</Filter>
    </ClCompile>
    <ClCompile Include="HookHand.cpp">
      <Filter>Source\Game Logic</Filter>
    </ClCompile>
    <ClCompile Include="DebugDraw.cpp">
      <Filter>Source\Utilites</Filter>
    </ClCompile>
    <ClCompile Include="Chain.cpp">
      <Filter>Source\Game Logic</Filter>
    </ClCompile>
    <ClCompile Include="Platform.cpp">
      <Filter>Source\Game Logic\GameObjects</Filter>
    </ClCompile>
    <ClCompile Include="Lever.cpp">
      <Filter>Source\Game Logic\GameObjects</Filter>
    </ClCompile>
    <ClCompile Include="Shaders.cpp">
      <Filter>Source\View</Filter>
    </ClCompile>
    <ClCompile Include="Room.cpp">
      <Filter>Source\Game Logic</Filter>
    </ClCompile>
    <ClCompile Include="TemplateRoom.cpp">
      <Filter>Source\Game Logic\Rooms</Filter>
    </ClCompile>
    <ClCompile Include="Portal.cpp">
      <Filter>Source\Game Logic\GameObjects</Filter>
    </ClCompile>
    <ClCompile Include="PyramidRoom.cpp">
      <Filter>Source\Game Logic\Rooms</Filter>
    </ClCompile>
    <ClCompile Include="KevinsRoom.cpp">
      <Filter>Source\Game Logic\Rooms</Filter>
    </ClCompile>
  </ItemGroup>
  <ItemGroup>
    <ClInclude Include="Application.h">
      <Filter>Header</Filter>
    </ClInclude>
    <ClInclude Include="pch.h">
      <Filter>Header</Filter>
    </ClInclude>
    <ClInclude Include="ViewLayer.h">
      <Filter>Header\View</Filter>
    </ClInclude>
    <ClInclude Include="VertexBuffer.h">
      <Filter>Header\View</Filter>
    </ClInclude>
    <ClInclude Include="Camera.h">
      <Filter>Header\View</Filter>
    </ClInclude>
    <ClInclude Include="ConstantBuffer.h">
      <Filter>Header\View</Filter>
    </ClInclude>
    <ClInclude Include="Player.h">
      <Filter>Header\Game Logic</Filter>
    </ClInclude>
    <ClInclude Include="MovementComponent.h">
      <Filter>Header\Component</Filter>
    </ClInclude>
    <ClInclude Include="Input.h">
      <Filter>Header\Application</Filter>
    </ClInclude>
    <ClInclude Include="Input_Mouse.h">
      <Filter>Header\Application</Filter>
    </ClInclude>
    <ClInclude Include="Input_Keyboard.h">
      <Filter>Header\Application</Filter>
    </ClInclude>
    <ClInclude Include="GameState.h">
      <Filter>Header\Game Logic</Filter>
    </ClInclude>
    <ClInclude Include="Model.h">
      <Filter>Header\View</Filter>
    </ClInclude>
    <ClInclude Include="Timer.h">
      <Filter>Header\Application</Filter>
    </ClInclude>
    <ClInclude Include="IndexBuffer.h">
      <Filter>Header\View</Filter>
    </ClInclude>
    <ClInclude Include="PhysicsComponent.h">
      <Filter>Header\Component</Filter>
    </ClInclude>
    <ClInclude Include="GameObject.h">
      <Filter>Header\Game Logic</Filter>
    </ClInclude>
    <ClInclude Include="Material.h">
      <Filter>Header\View</Filter>
    </ClInclude>
    <ClInclude Include="HookHand.h">
      <Filter>Header\Game Logic</Filter>
    </ClInclude>
    <ClInclude Include="DebugDraw.h">
      <Filter>Header\Utilites</Filter>
    </ClInclude>
    <ClInclude Include="BoundingPrim.h">
      <Filter>Header\Game Logic</Filter>
    </ClInclude>
    <ClInclude Include="Chain.h">
      <Filter>Header\Game Logic</Filter>
    </ClInclude>
    <ClInclude Include="Platform.h">
      <Filter>Header\Game Logic\GameObjects</Filter>
    </ClInclude>
    <ClInclude Include="AudioComponent.h">
      <Filter>Header\Component</Filter>
    </ClInclude>
    <ClInclude Include="ResourceHandler.h">
      <Filter>Header\Application</Filter>
    </ClInclude>
    <ClInclude Include="Shaders.h">
      <Filter>Header\View</Filter>
    </ClInclude>
    <ClInclude Include="Room.h">
      <Filter>Header\Game Logic</Filter>
    </ClInclude>
    <ClInclude Include="TemplateRoom.h">
      <Filter>Header\Game Logic\Rooms</Filter>
    </ClInclude>
    <ClInclude Include="Portal.h">
      <Filter>Header\Game Logic\GameObjects</Filter>
    </ClInclude>
    <ClInclude Include="Lever.h">
      <Filter>Header\Game Logic\GameObjects</Filter>
    </ClInclude>
    <ClInclude Include="PyramidRoom.h">
      <Filter>Header\Game Logic\Rooms</Filter>
    </ClInclude>
    <ClInclude Include="KevinsRoom.h">
      <Filter>Header\Game Logic\Rooms</Filter>
    </ClInclude>
  </ItemGroup>
  <ItemGroup>
    <None Include="packages.config" />
  </ItemGroup>
  <ItemGroup>
    <Filter Include="Shaders">
      <UniqueIdentifier>{6b834f70-b328-4500-abfc-54c30c12ccf4}</UniqueIdentifier>
    </Filter>
    <Filter Include="Header">
      <UniqueIdentifier>{1f21a4d9-b507-481d-86fe-6c6f0b2a4695}</UniqueIdentifier>
    </Filter>
    <Filter Include="Source">
      <UniqueIdentifier>{f46278f2-671b-489f-bf85-756d106189ff}</UniqueIdentifier>
    </Filter>
    <Filter Include="Header\View">
      <UniqueIdentifier>{4c07c2d2-43c7-408c-a089-862bfaf0a2ea}</UniqueIdentifier>
    </Filter>
    <Filter Include="Source\View">
      <UniqueIdentifier>{f32f945d-d78a-4e88-920d-611972532cee}</UniqueIdentifier>
    </Filter>
    <Filter Include="Header\Game Logic">
      <UniqueIdentifier>{87335f24-2bb1-4c9c-87e7-1c6269fd7fea}</UniqueIdentifier>
    </Filter>
    <Filter Include="Source\Game Logic">
      <UniqueIdentifier>{cd5f00ab-8e73-4d95-a5e7-9d1dc118c879}</UniqueIdentifier>
    </Filter>
    <Filter Include="Header\Component">
      <UniqueIdentifier>{4fce57e3-555f-450d-8c3b-dce75d072a1a}</UniqueIdentifier>
    </Filter>
    <Filter Include="Header\Application">
      <UniqueIdentifier>{b1a38e30-6e4b-416e-ab0b-f5780fb82f57}</UniqueIdentifier>
    </Filter>
    <Filter Include="Source\Application">
      <UniqueIdentifier>{f8445f47-a972-44ab-9744-372cc19a2fbc}</UniqueIdentifier>
    </Filter>
    <Filter Include="Header\Utilites">
      <UniqueIdentifier>{676380be-c6ba-4b54-aaf8-96063f3eacd2}</UniqueIdentifier>
    </Filter>
    <Filter Include="Source\Utilites">
      <UniqueIdentifier>{bbc6c7d8-d633-4195-af44-b7eb7af64222}</UniqueIdentifier>
    </Filter>
    <Filter Include="Header\Game Logic\GameObjects">
      <UniqueIdentifier>{37e24367-417c-4768-a23c-e21bc4b7e941}</UniqueIdentifier>
    </Filter>
    <Filter Include="Source\Game Logic\GameObjects">
      <UniqueIdentifier>{2a608483-c701-4962-8eac-d4af998bd525}</UniqueIdentifier>
    </Filter>
    <Filter Include="Source\Game Logic\Rooms">
      <UniqueIdentifier>{86a151c3-0c31-4e96-9dd7-aae14e610154}</UniqueIdentifier>
    </Filter>
    <Filter Include="Header\Game Logic\Rooms">
      <UniqueIdentifier>{62ba70f7-e626-4e2a-95af-a1c201023870}</UniqueIdentifier>
    </Filter>
  </ItemGroup>
</Project>