<?xml version="1.0" encoding="utf-8"?>
<Project ToolsVersion="4.0" xmlns="http://schemas.microsoft.com/developer/msbuild/2003">
  <ItemGroup>
    <FxCompile Include="Shader Files\VertexShader.hlsl">
      <Filter>Shaders</Filter>
    </FxCompile>
    <FxCompile Include="Shader Files\TransitionVS.hlsl">
      <Filter>Shaders</Filter>
    </FxCompile>
    <FxCompile Include="Shader Files\ShadowVS.hlsl">
      <Filter>Shaders</Filter>
    </FxCompile>
    <FxCompile Include="Shader Files\SkyVS.hlsl">
      <Filter>Shaders</Filter>
    </FxCompile>
    <FxCompile Include="Shader Files\SkyPS.hlsl">
      <Filter>Shaders</Filter>
    </FxCompile>
  </ItemGroup>
  <ItemGroup>
    <ClCompile Include="main.cpp">
      <Filter>Source</Filter>
    </ClCompile>
    <ClCompile Include="ViewLayer.cpp">
      <Filter>Source\View</Filter>
    </ClCompile>
    <ClCompile Include="Camera.cpp">
      <Filter>Source\View</Filter>
    </ClCompile>
    <ClCompile Include="Player.cpp">
      <Filter>Source\Game Logic</Filter>
    </ClCompile>
    <ClCompile Include="Input.cpp">
      <Filter>Source\Application</Filter>
    </ClCompile>
    <ClCompile Include="Input_Keyboard.cpp">
      <Filter>Source\Application</Filter>
    </ClCompile>
    <ClCompile Include="Input_Mouse.cpp">
      <Filter>Source\Application</Filter>
    </ClCompile>
    <ClCompile Include="Model.cpp">
      <Filter>Source\View</Filter>
    </ClCompile>
    <ClCompile Include="Timer.cpp">
      <Filter>Source\Application</Filter>
    </ClCompile>
    <ClCompile Include="GameObject.cpp">
      <Filter>Source\Game Logic</Filter>
    </ClCompile>
    <ClCompile Include="HookHand.cpp">
      <Filter>Source\Game Logic</Filter>
    </ClCompile>
    <ClCompile Include="Chain.cpp">
      <Filter>Source\Game Logic</Filter>
    </ClCompile>
    <ClCompile Include="Platform.cpp">
      <Filter>Source\Game Logic\GameObjects</Filter>
    </ClCompile>
    <ClCompile Include="Lever.cpp">
      <Filter>Source\Game Logic\GameObjects</Filter>
    </ClCompile>
    <ClCompile Include="Shaders.cpp">
      <Filter>Source\View</Filter>
    </ClCompile>
    <ClCompile Include="TemplateRoom.cpp">
      <Filter>Source\Game Logic\Rooms</Filter>
    </ClCompile>
    <ClCompile Include="Portal.cpp">
      <Filter>Source\Game Logic\GameObjects</Filter>
    </ClCompile>
    <ClCompile Include="CheckpointHandler.cpp">
      <Filter>Source\Game Logic</Filter>
    </ClCompile>
    <ClCompile Include="PyramidRoom.cpp">
      <Filter>Source\Game Logic\Rooms</Filter>
    </ClCompile>
    <ClCompile Include="KevinsRoom.cpp">
      <Filter>Source\Game Logic\Rooms</Filter>
    </ClCompile>
    <ClCompile Include="EdvinsRoom.cpp" />
    <ClCompile Include="followingEnemy.cpp">
      <Filter>Source\Game Logic\GameObjects</Filter>
    </ClCompile>
    <ClCompile Include="EdvinsRoom.cpp">
      <Filter>Source\Game Logic\Rooms</Filter>
    </ClCompile>
    <ClCompile Include="TristansRoom.cpp">
      <Filter>Source\Game Logic\Rooms</Filter>
    </ClCompile>
    <ClCompile Include="finalRoom.cpp">
      <Filter>Source\Game Logic\Rooms</Filter>
    </ClCompile>
    <ClCompile Include="GameState.cpp">
      <Filter>Source\Game Logic\GameStates</Filter>
    </ClCompile>
    <ClCompile Include="MenuState.cpp">
      <Filter>Source\Game Logic\GameStates</Filter>
    </ClCompile>
    <ClCompile Include="ShadowMapInstance.cpp">
      <Filter>Source\View</Filter>
    </ClCompile>
    <ClCompile Include="Bell.cpp">
      <Filter>Source\Game Logic\GameObjects</Filter>
    </ClCompile>
    <ClCompile Include="FindGemsRoom.cpp">
      <Filter>Source\Game Logic\Rooms</Filter>
    </ClCompile>
    <ClCompile Include="WinState.cpp">
      <Filter>Source\Game Logic\GameStates</Filter>
    </ClCompile>
    <ClCompile Include="Application.cpp">
      <Filter>Source\Application</Filter>
    </ClCompile>
    <ClCompile Include="pch.cpp">
      <Filter>Header</Filter>
    </ClCompile>
    <ClCompile Include="circleAroundObject.cpp">
      <Filter>Header\Utilites</Filter>
    </ClCompile>
    <ClCompile Include="pugixml.cpp">
      <Filter>Header\Utilites</Filter>
    </ClCompile>
    <ClCompile Include="DebugDraw.cpp">
      <Filter>Header\Utilites</Filter>
    </ClCompile>
    <ClCompile Include="Room.cpp">
      <Filter>Source\Game Logic\Rooms</Filter>
    </ClCompile>
  </ItemGroup>
  <ItemGroup>
    <ClInclude Include="MovementComponent.h">
      <Filter>Source\Game Logic\Component</Filter>
    </ClInclude>
    <ClInclude Include="PhysicsComponent.h">
      <Filter>Source\Game Logic\Component</Filter>
    </ClInclude>
    <ClInclude Include="DebugDraw.h">
      <Filter>Header\Utilites</Filter>
    </ClInclude>
    <ClInclude Include="AudioComponent.h">
      <Filter>Source\Game Logic\Component</Filter>
    </ClInclude>
    <ClInclude Include="PyramidMathTools.h">
      <Filter>Header\Utilites</Filter>
    </ClInclude>
    <ClInclude Include="BoundingPrim.h">
      <Filter>Source\Game Logic</Filter>
    </ClInclude>
    <ClInclude Include="Chain.h">
      <Filter>Source\Game Logic</Filter>
    </ClInclude>
    <ClInclude Include="CheckpointHandler.h">
      <Filter>Source\Game Logic</Filter>
    </ClInclude>
    <ClInclude Include="GameObject.h">
      <Filter>Source\Game Logic</Filter>
    </ClInclude>
    <ClInclude Include="HookHand.h">
      <Filter>Source\Game Logic</Filter>
    </ClInclude>
    <ClInclude Include="Player.h">
      <Filter>Source\Game Logic</Filter>
    </ClInclude>
    <ClInclude Include="Application.h">
      <Filter>Source\Application</Filter>
    </ClInclude>
    <ClInclude Include="pch.h">
      <Filter>Header</Filter>
    </ClInclude>
    <ClInclude Include="Timer.h">
      <Filter>Source\Application</Filter>
    </ClInclude>
    <ClInclude Include="Input.h">
      <Filter>Source\Application</Filter>
    </ClInclude>
    <ClInclude Include="Input_Keyboard.h">
      <Filter>Source\Application</Filter>
    </ClInclude>
    <ClInclude Include="Input_Mouse.h">
      <Filter>Source\Application</Filter>
    </ClInclude>
    <ClInclude Include="ResourceHandler.h">
      <Filter>Source\Application</Filter>
    </ClInclude>
    <ClInclude Include="Bell.h">
      <Filter>Source\Game Logic\GameObjects</Filter>
    </ClInclude>
    <ClInclude Include="followingEnemy.h">
      <Filter>Source\Game Logic\GameObjects</Filter>
    </ClInclude>
    <ClInclude Include="Lever.h">
      <Filter>Source\Game Logic\GameObjects</Filter>
    </ClInclude>
    <ClInclude Include="Platform.h">
      <Filter>Source\Game Logic\GameObjects</Filter>
    </ClInclude>
    <ClInclude Include="Portal.h">
      <Filter>Source\Game Logic\GameObjects</Filter>
    </ClInclude>
    <ClInclude Include="GameState.h">
      <Filter>Source\Game Logic\GameStates</Filter>
    </ClInclude>
    <ClInclude Include="iGameState.h">
      <Filter>Source\Game Logic\GameStates</Filter>
    </ClInclude>
    <ClInclude Include="MenuState.h">
      <Filter>Source\Game Logic\GameStates</Filter>
    </ClInclude>
    <ClInclude Include="WinState.h">
      <Filter>Source\Game Logic\GameStates</Filter>
    </ClInclude>
    <ClInclude Include="circleAroundObject.h">
      <Filter>Header\Utilites</Filter>
    </ClInclude>
    <ClInclude Include="TristansRoom.h">
      <Filter>Source\Game Logic\Rooms</Filter>
    </ClInclude>
    <ClInclude Include="EdvinsRoom.h">
      <Filter>Source\Game Logic\Rooms</Filter>
    </ClInclude>
    <ClInclude Include="finalRoom.h">
      <Filter>Source\Game Logic\Rooms</Filter>
    </ClInclude>
    <ClInclude Include="FindGemsRoom.h">
      <Filter>Source\Game Logic\Rooms</Filter>
    </ClInclude>
    <ClInclude Include="KevinsRoom.h">
      <Filter>Source\Game Logic\Rooms</Filter>
    </ClInclude>
    <ClInclude Include="PyramidRoom.h">
      <Filter>Source\Game Logic\Rooms</Filter>
    </ClInclude>
    <ClInclude Include="TemplateRoom.h">
      <Filter>Source\Game Logic\Rooms</Filter>
    </ClInclude>
    <ClInclude Include="Camera.h">
      <Filter>Source\View</Filter>
    </ClInclude>
    <ClInclude Include="ConstantBuffer.h">
      <Filter>Source\View</Filter>
    </ClInclude>
    <ClInclude Include="IndexBuffer.h">
      <Filter>Source\View</Filter>
    </ClInclude>
    <ClInclude Include="Material.h">
      <Filter>Source\View</Filter>
    </ClInclude>
    <ClInclude Include="Model.h">
      <Filter>Source\View</Filter>
    </ClInclude>
    <ClInclude Include="Shaders.h">
      <Filter>Source\View</Filter>
    </ClInclude>
    <ClInclude Include="ShadowMapInstance.h">
      <Filter>Source\View</Filter>
    </ClInclude>
    <ClInclude Include="StatusTextHandler.h">
      <Filter>Source\View</Filter>
    </ClInclude>
    <ClInclude Include="Transition.h">
      <Filter>Source\View</Filter>
    </ClInclude>
    <ClInclude Include="VertexBuffer.h">
      <Filter>Source\View</Filter>
    </ClInclude>
    <ClInclude Include="ViewLayer.h">
      <Filter>Source\View</Filter>
    </ClInclude>
    <ClInclude Include="Room.h">
      <Filter>Source\Game Logic\Rooms</Filter>
    </ClInclude>
  </ItemGroup>
  <ItemGroup>
    <None Include="packages.config" />
  </ItemGroup>
  <ItemGroup>
    <Filter Include="Shaders">
      <UniqueIdentifier>{6b834f70-b328-4500-abfc-54c30c12ccf4}</UniqueIdentifier>
    </Filter>
    <Filter Include="Header">
      <UniqueIdentifier>{1f21a4d9-b507-481d-86fe-6c6f0b2a4695}</UniqueIdentifier>
    </Filter>
    <Filter Include="Source">
      <UniqueIdentifier>{f46278f2-671b-489f-bf85-756d106189ff}</UniqueIdentifier>
    </Filter>
    <Filter Include="Source\View">
      <UniqueIdentifier>{f32f945d-d78a-4e88-920d-611972532cee}</UniqueIdentifier>
    </Filter>
    <Filter Include="Source\Game Logic">
      <UniqueIdentifier>{cd5f00ab-8e73-4d95-a5e7-9d1dc118c879}</UniqueIdentifier>
    </Filter>
    <Filter Include="Source\Application">
      <UniqueIdentifier>{f8445f47-a972-44ab-9744-372cc19a2fbc}</UniqueIdentifier>
    </Filter>
    <Filter Include="Header\Utilites">
      <UniqueIdentifier>{676380be-c6ba-4b54-aaf8-96063f3eacd2}</UniqueIdentifier>
    </Filter>
    <Filter Include="Source\Game Logic\GameObjects">
      <UniqueIdentifier>{2a608483-c701-4962-8eac-d4af998bd525}</UniqueIdentifier>
    </Filter>
    <Filter Include="Source\Game Logic\Rooms">
      <UniqueIdentifier>{86a151c3-0c31-4e96-9dd7-aae14e610154}</UniqueIdentifier>
    </Filter>
    <Filter Include="Source\Game Logic\GameStates">
      <UniqueIdentifier>{5813678a-7fa9-4e91-a54f-a52102af6a53}</UniqueIdentifier>
    </Filter>
    <Filter Include="Source\Game Logic\Component">
      <UniqueIdentifier>{4fce57e3-555f-450d-8c3b-dce75d072a1a}</UniqueIdentifier>
    </Filter>
  </ItemGroup>
  <ItemGroup>
    <Text Include="Shader Files\TransitionPS.hlsl">
      <Filter>Shaders</Filter>
    </Text>
    <Text Include="Shader Files\PixelShader.hlsl">
      <Filter>Shaders</Filter>
    </Text>
  </ItemGroup>
</Project>